// !$*UTF8*$!
{
	archiveVersion = 1;
	classes = {
	};
	objectVersion = 56;
	objects = {

/* Begin PBXBuildFile section */
		BBE2E7F12BB16B9E007AD960 /* RealityKitContent in Frameworks */ = {isa = PBXBuildFile; productRef = BBE2E7F02BB16B9E007AD960 /* RealityKitContent */; };
		BBE2E7F32BB16B9E007AD960 /* RealityManipulationApp.swift in Sources */ = {isa = PBXBuildFile; fileRef = BBE2E7F22BB16B9E007AD960 /* RealityManipulationApp.swift */; };
		BBE2E7F52BB16B9E007AD960 /* ContentView.swift in Sources */ = {isa = PBXBuildFile; fileRef = BBE2E7F42BB16B9E007AD960 /* ContentView.swift */; };
		BBE2E7F72BB16B9E007AD960 /* ImmersiveView.swift in Sources */ = {isa = PBXBuildFile; fileRef = BBE2E7F62BB16B9E007AD960 /* ImmersiveView.swift */; };
		BBE2E7F92BB16B9F007AD960 /* Assets.xcassets in Resources */ = {isa = PBXBuildFile; fileRef = BBE2E7F82BB16B9F007AD960 /* Assets.xcassets */; };
		BBE2E7FC2BB16B9F007AD960 /* Preview Assets.xcassets in Resources */ = {isa = PBXBuildFile; fileRef = BBE2E7FB2BB16B9F007AD960 /* Preview Assets.xcassets */; };
/* End PBXBuildFile section */

/* Begin PBXFileReference section */
		BBE2E7EB2BB16B9E007AD960 /* RealityManipulation.app */ = {isa = PBXFileReference; explicitFileType = wrapper.application; includeInIndex = 0; path = RealityManipulation.app; sourceTree = BUILT_PRODUCTS_DIR; };
		BBE2E7EF2BB16B9E007AD960 /* RealityKitContent */ = {isa = PBXFileReference; lastKnownFileType = wrapper; path = RealityKitContent; sourceTree = "<group>"; };
		BBE2E7F22BB16B9E007AD960 /* RealityManipulationApp.swift */ = {isa = PBXFileReference; lastKnownFileType = sourcecode.swift; path = RealityManipulationApp.swift; sourceTree = "<group>"; };
		BBE2E7F42BB16B9E007AD960 /* ContentView.swift */ = {isa = PBXFileReference; lastKnownFileType = sourcecode.swift; path = ContentView.swift; sourceTree = "<group>"; };
		BBE2E7F62BB16B9E007AD960 /* ImmersiveView.swift */ = {isa = PBXFileReference; lastKnownFileType = sourcecode.swift; path = ImmersiveView.swift; sourceTree = "<group>"; };
		BBE2E7F82BB16B9F007AD960 /* Assets.xcassets */ = {isa = PBXFileReference; lastKnownFileType = folder.assetcatalog; path = Assets.xcassets; sourceTree = "<group>"; };
		BBE2E7FB2BB16B9F007AD960 /* Preview Assets.xcassets */ = {isa = PBXFileReference; lastKnownFileType = folder.assetcatalog; path = "Preview Assets.xcassets"; sourceTree = "<group>"; };
		BBE2E7FD2BB16B9F007AD960 /* Info.plist */ = {isa = PBXFileReference; lastKnownFileType = text.plist.xml; path = Info.plist; sourceTree = "<group>"; };
/* End PBXFileReference section */

/* Begin PBXFrameworksBuildPhase section */
		BBE2E7E82BB16B9E007AD960 /* Frameworks */ = {
			isa = PBXFrameworksBuildPhase;
			buildActionMask = 2147483647;
			files = (
				BBE2E7F12BB16B9E007AD960 /* RealityKitContent in Frameworks */,
			);
			runOnlyForDeploymentPostprocessing = 0;
		};
/* End PBXFrameworksBuildPhase section */

/* Begin PBXGroup section */
		BBE2E7E22BB16B9E007AD960 = {
			isa = PBXGroup;
			children = (
				BBE2E7ED2BB16B9E007AD960 /* RealityManipulation */,
				BBE2E7EE2BB16B9E007AD960 /* Packages */,
				BBE2E7EC2BB16B9E007AD960 /* Products */,
			);
			sourceTree = "<group>";
		};
		BBE2E7EC2BB16B9E007AD960 /* Products */ = {
			isa = PBXGroup;
			children = (
				BBE2E7EB2BB16B9E007AD960 /* RealityManipulation.app */,
			);
			name = Products;
			sourceTree = "<group>";
		};
		BBE2E7ED2BB16B9E007AD960 /* RealityManipulation */ = {
			isa = PBXGroup;
			children = (
				BBE2E7F22BB16B9E007AD960 /* RealityManipulationApp.swift */,
				BBE2E7F42BB16B9E007AD960 /* ContentView.swift */,
				BBE2E7F62BB16B9E007AD960 /* ImmersiveView.swift */,
				BBE2E7F82BB16B9F007AD960 /* Assets.xcassets */,
				BBE2E7FD2BB16B9F007AD960 /* Info.plist */,
				BBE2E7FA2BB16B9F007AD960 /* Preview Content */,
			);
			path = RealityManipulation;
			sourceTree = "<group>";
		};
		BBE2E7EE2BB16B9E007AD960 /* Packages */ = {
			isa = PBXGroup;
			children = (
				BBE2E7EF2BB16B9E007AD960 /* RealityKitContent */,
			);
			path = Packages;
			sourceTree = "<group>";
		};
		BBE2E7FA2BB16B9F007AD960 /* Preview Content */ = {
			isa = PBXGroup;
			children = (
				BBE2E7FB2BB16B9F007AD960 /* Preview Assets.xcassets */,
			);
			path = "Preview Content";
			sourceTree = "<group>";
		};
/* End PBXGroup section */

/* Begin PBXNativeTarget section */
		BBE2E7EA2BB16B9E007AD960 /* RealityManipulation */ = {
			isa = PBXNativeTarget;
			buildConfigurationList = BBE2E8002BB16B9F007AD960 /* Build configuration list for PBXNativeTarget "RealityManipulation" */;
			buildPhases = (
				BBE2E7E72BB16B9E007AD960 /* Sources */,
				BBE2E7E82BB16B9E007AD960 /* Frameworks */,
				BBE2E7E92BB16B9E007AD960 /* Resources */,
			);
			buildRules = (
			);
			dependencies = (
			);
			name = RealityManipulation;
			packageProductDependencies = (
				BBE2E7F02BB16B9E007AD960 /* RealityKitContent */,
			);
			productName = RealityManipulation;
			productReference = BBE2E7EB2BB16B9E007AD960 /* RealityManipulation.app */;
			productType = "com.apple.product-type.application";
		};
/* End PBXNativeTarget section */

/* Begin PBXProject section */
		BBE2E7E32BB16B9E007AD960 /* Project object */ = {
			isa = PBXProject;
			attributes = {
				BuildIndependentTargetsInParallel = 1;
				LastSwiftUpdateCheck = 1520;
				LastUpgradeCheck = 1520;
				TargetAttributes = {
					BBE2E7EA2BB16B9E007AD960 = {
						CreatedOnToolsVersion = 15.2;
					};
				};
			};
			buildConfigurationList = BBE2E7E62BB16B9E007AD960 /* Build configuration list for PBXProject "RealityManipulation" */;
			compatibilityVersion = "Xcode 14.0";
			developmentRegion = en;
			hasScannedForEncodings = 0;
			knownRegions = (
				en,
				Base,
			);
			mainGroup = BBE2E7E22BB16B9E007AD960;
			productRefGroup = BBE2E7EC2BB16B9E007AD960 /* Products */;
			projectDirPath = "";
			projectRoot = "";
			targets = (
				BBE2E7EA2BB16B9E007AD960 /* RealityManipulation */,
			);
		};
/* End PBXProject section */

/* Begin PBXResourcesBuildPhase section */
		BBE2E7E92BB16B9E007AD960 /* Resources */ = {
			isa = PBXResourcesBuildPhase;
			buildActionMask = 2147483647;
			files = (
				BBE2E7FC2BB16B9F007AD960 /* Preview Assets.xcassets in Resources */,
				BBE2E7F92BB16B9F007AD960 /* Assets.xcassets in Resources */,
			);
			runOnlyForDeploymentPostprocessing = 0;
		};
/* End PBXResourcesBuildPhase section */

/* Begin PBXSourcesBuildPhase section */
		BBE2E7E72BB16B9E007AD960 /* Sources */ = {
			isa = PBXSourcesBuildPhase;
			buildActionMask = 2147483647;
			files = (
				BBE2E7F52BB16B9E007AD960 /* ContentView.swift in Sources */,
				BBE2E7F32BB16B9E007AD960 /* RealityManipulationApp.swift in Sources */,
				BBE2E7F72BB16B9E007AD960 /* ImmersiveView.swift in Sources */,
			);
			runOnlyForDeploymentPostprocessing = 0;
		};
/* End PBXSourcesBuildPhase section */

/* Begin XCBuildConfiguration section */
		BBE2E7FE2BB16B9F007AD960 /* Debug */ = {
			isa = XCBuildConfiguration;
			buildSettings = {
				ALWAYS_SEARCH_USER_PATHS = NO;
				ASSETCATALOG_COMPILER_GENERATE_SWIFT_ASSET_SYMBOL_EXTENSIONS = YES;
				CLANG_ANALYZER_NONNULL = YES;
				CLANG_ANALYZER_NUMBER_OBJECT_CONVERSION = YES_AGGRESSIVE;
				CLANG_CXX_LANGUAGE_STANDARD = "gnu++20";
				CLANG_ENABLE_MODULES = YES;
				CLANG_ENABLE_OBJC_ARC = YES;
				CLANG_ENABLE_OBJC_WEAK = YES;
				CLANG_WARN_BLOCK_CAPTURE_AUTORELEASING = YES;
				CLANG_WARN_BOOL_CONVERSION = YES;
				CLANG_WARN_COMMA = YES;
				CLANG_WARN_CONSTANT_CONVERSION = YES;
				CLANG_WARN_DEPRECATED_OBJC_IMPLEMENTATIONS = YES;
				CLANG_WARN_DIRECT_OBJC_ISA_USAGE = YES_ERROR;
				CLANG_WARN_DOCUMENTATION_COMMENTS = YES;
				CLANG_WARN_EMPTY_BODY = YES;
				CLANG_WARN_ENUM_CONVERSION = YES;
				CLANG_WARN_INFINITE_RECURSION = YES;
				CLANG_WARN_INT_CONVERSION = YES;
				CLANG_WARN_NON_LITERAL_NULL_CONVERSION = YES;
				CLANG_WARN_OBJC_IMPLICIT_RETAIN_SELF = YES;
				CLANG_WARN_OBJC_LITERAL_CONVERSION = YES;
				CLANG_WARN_OBJC_ROOT_CLASS = YES_ERROR;
				CLANG_WARN_QUOTED_INCLUDE_IN_FRAMEWORK_HEADER = YES;
				CLANG_WARN_RANGE_LOOP_ANALYSIS = YES;
				CLANG_WARN_STRICT_PROTOTYPES = YES;
				CLANG_WARN_SUSPICIOUS_MOVE = YES;
				CLANG_WARN_UNGUARDED_AVAILABILITY = YES_AGGRESSIVE;
				CLANG_WARN_UNREACHABLE_CODE = YES;
				CLANG_WARN__DUPLICATE_METHOD_MATCH = YES;
				COPY_PHASE_STRIP = NO;
				DEBUG_INFORMATION_FORMAT = dwarf;
				ENABLE_STRICT_OBJC_MSGSEND = YES;
				ENABLE_TESTABILITY = YES;
				ENABLE_USER_SCRIPT_SANDBOXING = YES;
				GCC_C_LANGUAGE_STANDARD = gnu17;
				GCC_DYNAMIC_NO_PIC = NO;
				GCC_NO_COMMON_BLOCKS = YES;
				GCC_OPTIMIZATION_LEVEL = 0;
				GCC_PREPROCESSOR_DEFINITIONS = (
					"DEBUG=1",
					"$(inherited)",
				);
				GCC_WARN_64_TO_32_BIT_CONVERSION = YES;
				GCC_WARN_ABOUT_RETURN_TYPE = YES_ERROR;
				GCC_WARN_UNDECLARED_SELECTOR = YES;
				GCC_WARN_UNINITIALIZED_AUTOS = YES_AGGRESSIVE;
				GCC_WARN_UNUSED_FUNCTION = YES;
				GCC_WARN_UNUSED_VARIABLE = YES;
				LOCALIZATION_PREFERS_STRING_CATALOGS = YES;
				MTL_ENABLE_DEBUG_INFO = INCLUDE_SOURCE;
				MTL_FAST_MATH = YES;
				ONLY_ACTIVE_ARCH = YES;
				SDKROOT = xros;
				SWIFT_ACTIVE_COMPILATION_CONDITIONS = "DEBUG $(inherited)";
				SWIFT_OPTIMIZATION_LEVEL = "-Onone";
				XROS_DEPLOYMENT_TARGET = 1.0;
			};
			name = Debug;
		};
		BBE2E7FF2BB16B9F007AD960 /* Release */ = {
			isa = XCBuildConfiguration;
			buildSettings = {
				ALWAYS_SEARCH_USER_PATHS = NO;
				ASSETCATALOG_COMPILER_GENERATE_SWIFT_ASSET_SYMBOL_EXTENSIONS = YES;
				CLANG_ANALYZER_NONNULL = YES;
				CLANG_ANALYZER_NUMBER_OBJECT_CONVERSION = YES_AGGRESSIVE;
				CLANG_CXX_LANGUAGE_STANDARD = "gnu++20";
				CLANG_ENABLE_MODULES = YES;
				CLANG_ENABLE_OBJC_ARC = YES;
				CLANG_ENABLE_OBJC_WEAK = YES;
				CLANG_WARN_BLOCK_CAPTURE_AUTORELEASING = YES;
				CLANG_WARN_BOOL_CONVERSION = YES;
				CLANG_WARN_COMMA = YES;
				CLANG_WARN_CONSTANT_CONVERSION = YES;
				CLANG_WARN_DEPRECATED_OBJC_IMPLEMENTATIONS = YES;
				CLANG_WARN_DIRECT_OBJC_ISA_USAGE = YES_ERROR;
				CLANG_WARN_DOCUMENTATION_COMMENTS = YES;
				CLANG_WARN_EMPTY_BODY = YES;
				CLANG_WARN_ENUM_CONVERSION = YES;
				CLANG_WARN_INFINITE_RECURSION = YES;
				CLANG_WARN_INT_CONVERSION = YES;
				CLANG_WARN_NON_LITERAL_NULL_CONVERSION = YES;
				CLANG_WARN_OBJC_IMPLICIT_RETAIN_SELF = YES;
				CLANG_WARN_OBJC_LITERAL_CONVERSION = YES;
				CLANG_WARN_OBJC_ROOT_CLASS = YES_ERROR;
				CLANG_WARN_QUOTED_INCLUDE_IN_FRAMEWORK_HEADER = YES;
				CLANG_WARN_RANGE_LOOP_ANALYSIS = YES;
				CLANG_WARN_STRICT_PROTOTYPES = YES;
				CLANG_WARN_SUSPICIOUS_MOVE = YES;
				CLANG_WARN_UNGUARDED_AVAILABILITY = YES_AGGRESSIVE;
				CLANG_WARN_UNREACHABLE_CODE = YES;
				CLANG_WARN__DUPLICATE_METHOD_MATCH = YES;
				COPY_PHASE_STRIP = NO;
				DEBUG_INFORMATION_FORMAT = "dwarf-with-dsym";
				ENABLE_NS_ASSERTIONS = NO;
				ENABLE_STRICT_OBJC_MSGSEND = YES;
				ENABLE_USER_SCRIPT_SANDBOXING = YES;
				GCC_C_LANGUAGE_STANDARD = gnu17;
				GCC_NO_COMMON_BLOCKS = YES;
				GCC_WARN_64_TO_32_BIT_CONVERSION = YES;
				GCC_WARN_ABOUT_RETURN_TYPE = YES_ERROR;
				GCC_WARN_UNDECLARED_SELECTOR = YES;
				GCC_WARN_UNINITIALIZED_AUTOS = YES_AGGRESSIVE;
				GCC_WARN_UNUSED_FUNCTION = YES;
				GCC_WARN_UNUSED_VARIABLE = YES;
				LOCALIZATION_PREFERS_STRING_CATALOGS = YES;
				MTL_ENABLE_DEBUG_INFO = NO;
				MTL_FAST_MATH = YES;
				SDKROOT = xros;
				SWIFT_COMPILATION_MODE = wholemodule;
				VALIDATE_PRODUCT = YES;
				XROS_DEPLOYMENT_TARGET = 1.0;
			};
			name = Release;
		};
		BBE2E8012BB16B9F007AD960 /* Debug */ = {
			isa = XCBuildConfiguration;
			buildSettings = {
				ASSETCATALOG_COMPILER_APPICON_NAME = AppIcon;
				ASSETCATALOG_COMPILER_GLOBAL_ACCENT_COLOR_NAME = AccentColor;
				CODE_SIGN_STYLE = Automatic;
				CURRENT_PROJECT_VERSION = 1;
				DEVELOPMENT_ASSET_PATHS = "\"RealityManipulation/Preview Content\"";
				DEVELOPMENT_TEAM = 4H8CWRAN3M;
				ENABLE_PREVIEWS = YES;
				GENERATE_INFOPLIST_FILE = YES;
				INFOPLIST_FILE = "$(TARGET_NAME)/Info.plist";
				LD_RUNPATH_SEARCH_PATHS = (
					"$(inherited)",
					"@executable_path/Frameworks",
				);
				MARKETING_VERSION = 1.0;
				PRODUCT_BUNDLE_IDENTIFIER = jazzen.RealityManipulation;
				PRODUCT_NAME = "$(TARGET_NAME)";
				SUPPORTED_PLATFORMS = "xros xrsimulator";
				SWIFT_EMIT_LOC_STRINGS = YES;
				SWIFT_VERSION = 5.0;
				TARGETED_DEVICE_FAMILY = "1,2,7";
			};
			name = Debug;
		};
		BBE2E8022BB16B9F007AD960 /* Release */ = {
			isa = XCBuildConfiguration;
			buildSettings = {
				ASSETCATALOG_COMPILER_APPICON_NAME = AppIcon;
				ASSETCATALOG_COMPILER_GLOBAL_ACCENT_COLOR_NAME = AccentColor;
				CODE_SIGN_STYLE = Automatic;
				CURRENT_PROJECT_VERSION = 1;
				DEVELOPMENT_ASSET_PATHS = "\"RealityManipulation/Preview Content\"";
				DEVELOPMENT_TEAM = 4H8CWRAN3M;
				ENABLE_PREVIEWS = YES;
				GENERATE_INFOPLIST_FILE = YES;
				INFOPLIST_FILE = "$(TARGET_NAME)/Info.plist";
				LD_RUNPATH_SEARCH_PATHS = (
					"$(inherited)",
					"@executable_path/Frameworks",
				);
				MARKETING_VERSION = 1.0;
				PRODUCT_BUNDLE_IDENTIFIER = jazzen.RealityManipulation;
				PRODUCT_NAME = "$(TARGET_NAME)";
				SUPPORTED_PLATFORMS = "xros xrsimulator";
				SWIFT_EMIT_LOC_STRINGS = YES;
				SWIFT_VERSION = 5.0;
				TARGETED_DEVICE_FAMILY = "1,2,7";
			};
			name = Release;
		};
/* End XCBuildConfiguration section */

/* Begin XCConfigurationList section */
		BBE2E7E62BB16B9E007AD960 /* Build configuration list for PBXProject "RealityManipulation" */ = {
			isa = XCConfigurationList;
			buildConfigurations = (
				BBE2E7FE2BB16B9F007AD960 /* Debug */,
				BBE2E7FF2BB16B9F007AD960 /* Release */,
			);
			defaultConfigurationIsVisible = 0;
			defaultConfigurationName = Release;
		};
		BBE2E8002BB16B9F007AD960 /* Build configuration list for PBXNativeTarget "RealityManipulation" */ = {
			isa = XCConfigurationList;
			buildConfigurations = (
				BBE2E8012BB16B9F007AD960 /* Debug */,
				BBE2E8022BB16B9F007AD960 /* Release */,
			);
			defaultConfigurationIsVisible = 0;
			defaultConfigurationName = Release;
		};
/* End XCConfigurationList section */

/* Begin XCSwiftPackageProductDependency section */
		BBE2E7F02BB16B9E007AD960 /* RealityKitContent */ = {
			isa = XCSwiftPackageProductDependency;
			productName = RealityKitContent;
		};
/* End XCSwiftPackageProductDependency section */
	};
	rootObject = BBE2E7E32BB16B9E007AD960 /* Project object */;
}
